// !$*UTF8*$!
{
	archiveVersion = 1;
	classes = {
	};
	objectVersion = 46;
	objects = {

/* Begin PBXBuildFile section */
		1429B9221714C2EF0016E094 /* UIKit.framework in Frameworks */ = {isa = PBXBuildFile; fileRef = 14FD18CC171318B8006DD78B /* UIKit.framework */; };
		1429B9231714C2EF0016E094 /* Foundation.framework in Frameworks */ = {isa = PBXBuildFile; fileRef = 14FD18CE171318B8006DD78B /* Foundation.framework */; };
		1429B9291714C2EF0016E094 /* SocketServer.c in Sources */ = {isa = PBXBuildFile; fileRef = 1429B9281714C2EF0016E094 /* SocketServer.c */; };
		1429B92B1714C2EF0016E094 /* TcpComLink.c in Sources */ = {isa = PBXBuildFile; fileRef = 1429B92A1714C2EF0016E094 /* TcpComLink.c */; };
		1429B92E1714C2EF0016E094 /* ListExecutor.c in Sources */ = {isa = PBXBuildFile; fileRef = 1429B92D1714C2EF0016E094 /* ListExecutor.c */; };
		1429B9301714C2EF0016E094 /* Slim.c in Sources */ = {isa = PBXBuildFile; fileRef = 1429B92F1714C2EF0016E094 /* Slim.c */; };
		1429B9321714C2EF0016E094 /* SlimConnectionHandler.c in Sources */ = {isa = PBXBuildFile; fileRef = 1429B9311714C2EF0016E094 /* SlimConnectionHandler.c */; };
		1429B9341714C2EF0016E094 /* SlimList.c in Sources */ = {isa = PBXBuildFile; fileRef = 1429B9331714C2EF0016E094 /* SlimList.c */; };
		1429B9361714C2EF0016E094 /* SlimListDeserializer.c in Sources */ = {isa = PBXBuildFile; fileRef = 1429B9351714C2EF0016E094 /* SlimListDeserializer.c */; };
		1429B9381714C2EF0016E094 /* SlimListSerializer.c in Sources */ = {isa = PBXBuildFile; fileRef = 1429B9371714C2EF0016E094 /* SlimListSerializer.c */; };
		1429B93A1714C2EF0016E094 /* SlimUtil.c in Sources */ = {isa = PBXBuildFile; fileRef = 1429B9391714C2EF0016E094 /* SlimUtil.c */; };
		1429B93D1714C2EF0016E094 /* OCSException.m in Sources */ = {isa = PBXBuildFile; fileRef = 1429B93C1714C2EF0016E094 /* OCSException.m */; };
		1429B93F1714C2EF0016E094 /* OCSInstanceCreator.m in Sources */ = {isa = PBXBuildFile; fileRef = 1429B93E1714C2EF0016E094 /* OCSInstanceCreator.m */; };
		1429B9411714C2EF0016E094 /* OCSInvocation.m in Sources */ = {isa = PBXBuildFile; fileRef = 1429B9401714C2EF0016E094 /* OCSInvocation.m */; };
		1429B9431714C2EF0016E094 /* OCSMethodCaller.m in Sources */ = {isa = PBXBuildFile; fileRef = 1429B9421714C2EF0016E094 /* OCSMethodCaller.m */; };
		1429B9451714C2EF0016E094 /* OCSObjectiveCtoCBridge.m in Sources */ = {isa = PBXBuildFile; fileRef = 1429B9441714C2EF0016E094 /* OCSObjectiveCtoCBridge.m */; };
		1429B9471714C2EF0016E094 /* OCSReturnValue.m in Sources */ = {isa = PBXBuildFile; fileRef = 1429B9461714C2EF0016E094 /* OCSReturnValue.m */; settings = {COMPILER_FLAGS = "-fno-objc-arc"; }; };
		1429B9491714C2EF0016E094 /* OCSSelector.m in Sources */ = {isa = PBXBuildFile; fileRef = 1429B9481714C2EF0016E094 /* OCSSelector.m */; };
		1429B94B1714C2EF0016E094 /* OCSStatementExecutor.m in Sources */ = {isa = PBXBuildFile; fileRef = 1429B94A1714C2EF0016E094 /* OCSStatementExecutor.m */; };
		1429B94D1714C2EF0016E094 /* OCSSymbolDictionary.m in Sources */ = {isa = PBXBuildFile; fileRef = 1429B94C1714C2EF0016E094 /* OCSSymbolDictionary.m */; };
		1429B94F1714C2EF0016E094 /* StatementExecutor.m in Sources */ = {isa = PBXBuildFile; fileRef = 1429B94E1714C2EF0016E094 /* StatementExecutor.m */; };
		1429B96C1714C2EF0016E094 /* Fixtures.m in Sources */ = {isa = PBXBuildFile; fileRef = 1429B96B1714C2EF0016E094 /* Fixtures.m */; };
		1429B96E1714C2EF0016E094 /* InfoPlist.strings in Resources */ = {isa = PBXBuildFile; fileRef = 1429B96D1714C2EF0016E094 /* InfoPlist.strings */; };
		1429B9701714C2EF0016E094 /* iPhone-Prefix.pch in Resources */ = {isa = PBXBuildFile; fileRef = 1429B96F1714C2EF0016E094 /* iPhone-Prefix.pch */; };
		1429B9721714C2EF0016E094 /* Main.c in Sources */ = {isa = PBXBuildFile; fileRef = 1429B9711714C2EF0016E094 /* Main.c */; };
		1429B9821714C3380016E094 /* MyTest.m in Sources */ = {isa = PBXBuildFile; fileRef = 1429B9811714C3380016E094 /* MyTest.m */; };
		146448C817131CAF00BBC728 /* libOCDSpec2.a in Frameworks */ = {isa = PBXBuildFile; fileRef = 14FD191A17131B3A006DD78B /* libOCDSpec2.a */; };
		14FD18CD171318B8006DD78B /* UIKit.framework in Frameworks */ = {isa = PBXBuildFile; fileRef = 14FD18CC171318B8006DD78B /* UIKit.framework */; };
		14FD18CF171318B8006DD78B /* Foundation.framework in Frameworks */ = {isa = PBXBuildFile; fileRef = 14FD18CE171318B8006DD78B /* Foundation.framework */; };
		14FD18D1171318B8006DD78B /* CoreGraphics.framework in Frameworks */ = {isa = PBXBuildFile; fileRef = 14FD18D0171318B8006DD78B /* CoreGraphics.framework */; };
		14FD18D7171318B8006DD78B /* InfoPlist.strings in Resources */ = {isa = PBXBuildFile; fileRef = 14FD18D5171318B8006DD78B /* InfoPlist.strings */; };
		14FD18D9171318B8006DD78B /* main.m in Sources */ = {isa = PBXBuildFile; fileRef = 14FD18D8171318B8006DD78B /* main.m */; };
		14FD18DD171318B8006DD78B /* FranklinAppDelegate.m in Sources */ = {isa = PBXBuildFile; fileRef = 14FD18DC171318B8006DD78B /* FranklinAppDelegate.m */; };
		14FD18DF171318B8006DD78B /* Default.png in Resources */ = {isa = PBXBuildFile; fileRef = 14FD18DE171318B8006DD78B /* Default.png */; };
		14FD18E1171318B8006DD78B /* Default@2x.png in Resources */ = {isa = PBXBuildFile; fileRef = 14FD18E0171318B8006DD78B /* Default@2x.png */; };
		14FD18E3171318B8006DD78B /* Default-568h@2x.png in Resources */ = {isa = PBXBuildFile; fileRef = 14FD18E2171318B8006DD78B /* Default-568h@2x.png */; };
		14FD18FE171319CC006DD78B /* UIKit.framework in Frameworks */ = {isa = PBXBuildFile; fileRef = 14FD18CC171318B8006DD78B /* UIKit.framework */; };
		14FD18FF171319CC006DD78B /* Foundation.framework in Frameworks */ = {isa = PBXBuildFile; fileRef = 14FD18CE171318B8006DD78B /* Foundation.framework */; };
		14FD1900171319CC006DD78B /* CoreGraphics.framework in Frameworks */ = {isa = PBXBuildFile; fileRef = 14FD18D0171318B8006DD78B /* CoreGraphics.framework */; };
		14FD1906171319CC006DD78B /* InfoPlist.strings in Resources */ = {isa = PBXBuildFile; fileRef = 14FD1904171319CC006DD78B /* InfoPlist.strings */; };
		14FD1908171319CC006DD78B /* main.m in Sources */ = {isa = PBXBuildFile; fileRef = 14FD1907171319CC006DD78B /* main.m */; };
		14FD190F17131A4F006DD78B /* InitialSpec.m in Sources */ = {isa = PBXBuildFile; fileRef = 14FD190E17131A4F006DD78B /* InitialSpec.m */; };
		14FD191117131A93006DD78B /* Default-568h@2x.png in Resources */ = {isa = PBXBuildFile; fileRef = 14FD191017131A93006DD78B /* Default-568h@2x.png */; };
/* End PBXBuildFile section */

/* Begin PBXContainerItemProxy section */
		145901F417146CE200E889B1 /* PBXContainerItemProxy */ = {
			isa = PBXContainerItemProxy;
			containerPortal = 14FD191217131B39006DD78B /* OCDSpec2.xcodeproj */;
			proxyType = 1;
			remoteGlobalIDString = 94A6BA5915BB2DE7003F22B6;
			remoteInfo = OCDSpec2;
		};
		14FD191917131B3A006DD78B /* PBXContainerItemProxy */ = {
			isa = PBXContainerItemProxy;
			containerPortal = 14FD191217131B39006DD78B /* OCDSpec2.xcodeproj */;
			proxyType = 2;
			remoteGlobalIDString = 94A6BA5A15BB2DE7003F22B6;
			remoteInfo = OCDSpec2;
		};
		14FD191B17131B3A006DD78B /* PBXContainerItemProxy */ = {
			isa = PBXContainerItemProxy;
			containerPortal = 14FD191217131B39006DD78B /* OCDSpec2.xcodeproj */;
			proxyType = 2;
			remoteGlobalIDString = 942AAEEC15BBB3760006C241;
			remoteInfo = OCDSpec2Mac;
		};
		14FD191D17131B3A006DD78B /* PBXContainerItemProxy */ = {
			isa = PBXContainerItemProxy;
			containerPortal = 14FD191217131B39006DD78B /* OCDSpec2.xcodeproj */;
			proxyType = 2;
			remoteGlobalIDString = 947F6C2515BC39A200C7CF3B;
			remoteInfo = OCDSpec2Tests;
		};
		14FD191F17131B3A006DD78B /* PBXContainerItemProxy */ = {
			isa = PBXContainerItemProxy;
			containerPortal = 14FD191217131B39006DD78B /* OCDSpec2.xcodeproj */;
			proxyType = 2;
			remoteGlobalIDString = 944FBF4E15C168C100BF85FC;
			remoteInfo = OCDSpec2AcceptanceTest;
		};
/* End PBXContainerItemProxy section */

/* Begin PBXFileReference section */
		1429B9211714C2EF0016E094 /* AcceptanceTests.app */ = {isa = PBXFileReference; explicitFileType = wrapper.application; includeInIndex = 0; path = AcceptanceTests.app; sourceTree = BUILT_PRODUCTS_DIR; };
		1429B9281714C2EF0016E094 /* SocketServer.c */ = {isa = PBXFileReference; lastKnownFileType = sourcecode.c.c; name = SocketServer.c; path = cslim/src/Com/SocketServer.c; sourceTree = "<group>"; };
		1429B92A1714C2EF0016E094 /* TcpComLink.c */ = {isa = PBXFileReference; lastKnownFileType = sourcecode.c.c; name = TcpComLink.c; path = cslim/src/Com/TcpComLink.c; sourceTree = "<group>"; };
		1429B92D1714C2EF0016E094 /* ListExecutor.c */ = {isa = PBXFileReference; lastKnownFileType = sourcecode.c.c; name = ListExecutor.c; path = cslim/src/CSlim/ListExecutor.c; sourceTree = "<group>"; };
		1429B92F1714C2EF0016E094 /* Slim.c */ = {isa = PBXFileReference; lastKnownFileType = sourcecode.c.c; name = Slim.c; path = cslim/src/CSlim/Slim.c; sourceTree = "<group>"; };
		1429B9311714C2EF0016E094 /* SlimConnectionHandler.c */ = {isa = PBXFileReference; lastKnownFileType = sourcecode.c.c; name = SlimConnectionHandler.c; path = cslim/src/CSlim/SlimConnectionHandler.c; sourceTree = "<group>"; };
		1429B9331714C2EF0016E094 /* SlimList.c */ = {isa = PBXFileReference; lastKnownFileType = sourcecode.c.c; name = SlimList.c; path = cslim/src/CSlim/SlimList.c; sourceTree = "<group>"; };
		1429B9351714C2EF0016E094 /* SlimListDeserializer.c */ = {isa = PBXFileReference; lastKnownFileType = sourcecode.c.c; name = SlimListDeserializer.c; path = cslim/src/CSlim/SlimListDeserializer.c; sourceTree = "<group>"; };
		1429B9371714C2EF0016E094 /* SlimListSerializer.c */ = {isa = PBXFileReference; lastKnownFileType = sourcecode.c.c; name = SlimListSerializer.c; path = cslim/src/CSlim/SlimListSerializer.c; sourceTree = "<group>"; };
		1429B9391714C2EF0016E094 /* SlimUtil.c */ = {isa = PBXFileReference; lastKnownFileType = sourcecode.c.c; name = SlimUtil.c; path = cslim/src/CSlim/SlimUtil.c; sourceTree = "<group>"; };
		1429B93C1714C2EF0016E094 /* OCSException.m */ = {isa = PBXFileReference; lastKnownFileType = sourcecode.c.objc; name = OCSException.m; path = cslim/src/ExecutorObjectiveC/OCSException.m; sourceTree = "<group>"; };
		1429B93E1714C2EF0016E094 /* OCSInstanceCreator.m */ = {isa = PBXFileReference; lastKnownFileType = sourcecode.c.objc; name = OCSInstanceCreator.m; path = cslim/src/ExecutorObjectiveC/OCSInstanceCreator.m; sourceTree = "<group>"; };
		1429B9401714C2EF0016E094 /* OCSInvocation.m */ = {isa = PBXFileReference; lastKnownFileType = sourcecode.c.objc; name = OCSInvocation.m; path = cslim/src/ExecutorObjectiveC/OCSInvocation.m; sourceTree = "<group>"; };
		1429B9421714C2EF0016E094 /* OCSMethodCaller.m */ = {isa = PBXFileReference; lastKnownFileType = sourcecode.c.objc; name = OCSMethodCaller.m; path = cslim/src/ExecutorObjectiveC/OCSMethodCaller.m; sourceTree = "<group>"; };
		1429B9441714C2EF0016E094 /* OCSObjectiveCtoCBridge.m */ = {isa = PBXFileReference; lastKnownFileType = sourcecode.c.objc; name = OCSObjectiveCtoCBridge.m; path = cslim/src/ExecutorObjectiveC/OCSObjectiveCtoCBridge.m; sourceTree = "<group>"; };
		1429B9461714C2EF0016E094 /* OCSReturnValue.m */ = {isa = PBXFileReference; lastKnownFileType = sourcecode.c.objc; name = OCSReturnValue.m; path = cslim/src/ExecutorObjectiveC/OCSReturnValue.m; sourceTree = "<group>"; };
		1429B9481714C2EF0016E094 /* OCSSelector.m */ = {isa = PBXFileReference; lastKnownFileType = sourcecode.c.objc; name = OCSSelector.m; path = cslim/src/ExecutorObjectiveC/OCSSelector.m; sourceTree = "<group>"; };
		1429B94A1714C2EF0016E094 /* OCSStatementExecutor.m */ = {isa = PBXFileReference; lastKnownFileType = sourcecode.c.objc; name = OCSStatementExecutor.m; path = cslim/src/ExecutorObjectiveC/OCSStatementExecutor.m; sourceTree = "<group>"; };
		1429B94C1714C2EF0016E094 /* OCSSymbolDictionary.m */ = {isa = PBXFileReference; lastKnownFileType = sourcecode.c.objc; name = OCSSymbolDictionary.m; path = cslim/src/ExecutorObjectiveC/OCSSymbolDictionary.m; sourceTree = "<group>"; };
		1429B94E1714C2EF0016E094 /* StatementExecutor.m */ = {isa = PBXFileReference; lastKnownFileType = sourcecode.c.objc; name = StatementExecutor.m; path = cslim/src/ExecutorObjectiveC/StatementExecutor.m; sourceTree = "<group>"; };
		1429B9521714C2EF0016E094 /* SocketServer.h */ = {isa = PBXFileReference; lastKnownFileType = sourcecode.c.h; name = SocketServer.h; path = cslim/include/Com/SocketServer.h; sourceTree = "<group>"; };
		1429B9531714C2EF0016E094 /* TcpComLink.h */ = {isa = PBXFileReference; lastKnownFileType = sourcecode.c.h; name = TcpComLink.h; path = cslim/include/Com/TcpComLink.h; sourceTree = "<group>"; };
		1429B9551714C2EF0016E094 /* Fixtures.h */ = {isa = PBXFileReference; lastKnownFileType = sourcecode.c.h; name = Fixtures.h; path = cslim/include/CSlim/Fixtures.h; sourceTree = "<group>"; };
		1429B9561714C2EF0016E094 /* ListExecutor.h */ = {isa = PBXFileReference; lastKnownFileType = sourcecode.c.h; name = ListExecutor.h; path = cslim/include/CSlim/ListExecutor.h; sourceTree = "<group>"; };
		1429B9571714C2EF0016E094 /* Slim.h */ = {isa = PBXFileReference; lastKnownFileType = sourcecode.c.h; name = Slim.h; path = cslim/include/CSlim/Slim.h; sourceTree = "<group>"; };
		1429B9581714C2EF0016E094 /* SlimConnectionHandler.h */ = {isa = PBXFileReference; lastKnownFileType = sourcecode.c.h; name = SlimConnectionHandler.h; path = cslim/include/CSlim/SlimConnectionHandler.h; sourceTree = "<group>"; };
		1429B9591714C2EF0016E094 /* SlimList.h */ = {isa = PBXFileReference; lastKnownFileType = sourcecode.c.h; name = SlimList.h; path = cslim/include/CSlim/SlimList.h; sourceTree = "<group>"; };
		1429B95A1714C2EF0016E094 /* SlimListDeserializer.h */ = {isa = PBXFileReference; lastKnownFileType = sourcecode.c.h; name = SlimListDeserializer.h; path = cslim/include/CSlim/SlimListDeserializer.h; sourceTree = "<group>"; };
		1429B95B1714C2EF0016E094 /* SlimListSerializer.h */ = {isa = PBXFileReference; lastKnownFileType = sourcecode.c.h; name = SlimListSerializer.h; path = cslim/include/CSlim/SlimListSerializer.h; sourceTree = "<group>"; };
		1429B95C1714C2EF0016E094 /* SlimUtil.h */ = {isa = PBXFileReference; lastKnownFileType = sourcecode.c.h; name = SlimUtil.h; path = cslim/include/CSlim/SlimUtil.h; sourceTree = "<group>"; };
		1429B95D1714C2EF0016E094 /* StatementExecutor.h */ = {isa = PBXFileReference; lastKnownFileType = sourcecode.c.h; name = StatementExecutor.h; path = cslim/include/CSlim/StatementExecutor.h; sourceTree = "<group>"; };
		1429B95F1714C2EF0016E094 /* SymbolTable.h */ = {isa = PBXFileReference; lastKnownFileType = sourcecode.c.h; name = SymbolTable.h; path = cslim/include/ExecutorC/SymbolTable.h; sourceTree = "<group>"; };
		1429B9611714C2EF0016E094 /* OCSException.h */ = {isa = PBXFileReference; lastKnownFileType = sourcecode.c.h; name = OCSException.h; path = cslim/include/ExecutorObjectiveC/OCSException.h; sourceTree = "<group>"; };
		1429B9621714C2EF0016E094 /* OCSInstanceCreator.h */ = {isa = PBXFileReference; lastKnownFileType = sourcecode.c.h; name = OCSInstanceCreator.h; path = cslim/include/ExecutorObjectiveC/OCSInstanceCreator.h; sourceTree = "<group>"; };
		1429B9631714C2EF0016E094 /* OCSInvocation.h */ = {isa = PBXFileReference; lastKnownFileType = sourcecode.c.h; name = OCSInvocation.h; path = cslim/include/ExecutorObjectiveC/OCSInvocation.h; sourceTree = "<group>"; };
		1429B9641714C2EF0016E094 /* OCSMethodCaller.h */ = {isa = PBXFileReference; lastKnownFileType = sourcecode.c.h; name = OCSMethodCaller.h; path = cslim/include/ExecutorObjectiveC/OCSMethodCaller.h; sourceTree = "<group>"; };
		1429B9651714C2EF0016E094 /* OCSObjectiveCtoCBridge.h */ = {isa = PBXFileReference; lastKnownFileType = sourcecode.c.h; name = OCSObjectiveCtoCBridge.h; path = cslim/include/ExecutorObjectiveC/OCSObjectiveCtoCBridge.h; sourceTree = "<group>"; };
		1429B9661714C2EF0016E094 /* OCSReturnValue.h */ = {isa = PBXFileReference; lastKnownFileType = sourcecode.c.h; name = OCSReturnValue.h; path = cslim/include/ExecutorObjectiveC/OCSReturnValue.h; sourceTree = "<group>"; };
		1429B9671714C2EF0016E094 /* OCSSelector.h */ = {isa = PBXFileReference; lastKnownFileType = sourcecode.c.h; name = OCSSelector.h; path = cslim/include/ExecutorObjectiveC/OCSSelector.h; sourceTree = "<group>"; };
		1429B9681714C2EF0016E094 /* OCSStatementExecutor.h */ = {isa = PBXFileReference; lastKnownFileType = sourcecode.c.h; name = OCSStatementExecutor.h; path = cslim/include/ExecutorObjectiveC/OCSStatementExecutor.h; sourceTree = "<group>"; };
		1429B9691714C2EF0016E094 /* OCSSymbolDictionary.h */ = {isa = PBXFileReference; lastKnownFileType = sourcecode.c.h; name = OCSSymbolDictionary.h; path = cslim/include/ExecutorObjectiveC/OCSSymbolDictionary.h; sourceTree = "<group>"; };
		1429B96B1714C2EF0016E094 /* Fixtures.m */ = {isa = PBXFileReference; lastKnownFileType = sourcecode.c.objc; name = Fixtures.m; path = SupportingFiles/Fixtures.m; sourceTree = "<group>"; };
		1429B96D1714C2EF0016E094 /* InfoPlist.strings */ = {isa = PBXFileReference; lastKnownFileType = text.plist.strings; name = InfoPlist.strings; path = SupportingFiles/InfoPlist.strings; sourceTree = "<group>"; };
		1429B96F1714C2EF0016E094 /* iPhone-Prefix.pch */ = {isa = PBXFileReference; lastKnownFileType = sourcecode.c.h; name = "iPhone-Prefix.pch"; path = "SupportingFiles/iPhone-Prefix.pch"; sourceTree = "<group>"; };
		1429B9711714C2EF0016E094 /* Main.c */ = {isa = PBXFileReference; lastKnownFileType = sourcecode.c.c; name = Main.c; path = cslim/fixtures/Main.c; sourceTree = "<group>"; };
		1429B9741714C2EF0016E094 /* OneTimeSetup */ = {isa = PBXFileReference; lastKnownFileType = text; name = OneTimeSetup; path = ../bin/OneTimeSetup; sourceTree = "<group>"; };
		1429B9751714C2EF0016E094 /* StartFitnesse */ = {isa = PBXFileReference; lastKnownFileType = text; name = StartFitnesse; path = ../bin/StartFitnesse; sourceTree = "<group>"; };
		1429B9771714C2EF0016E094 /* RunSlimTests */ = {isa = PBXFileReference; lastKnownFileType = text; name = RunSlimTests; path = ../bin/iOS/RunSlimTests; sourceTree = "<group>"; };
		1429B9781714C2EF0016E094 /* RunSlimTestsHeadless */ = {isa = PBXFileReference; lastKnownFileType = text; name = RunSlimTestsHeadless; path = ../bin/iOS/RunSlimTestsHeadless; sourceTree = "<group>"; };
		1429B9791714C2EF0016E094 /* RunSlimTestsOnSimulator */ = {isa = PBXFileReference; lastKnownFileType = text.script.sh; name = RunSlimTestsOnSimulator; path = ../bin/iOS/RunSlimTestsOnSimulator; sourceTree = "<group>"; };
		1429B97A1714C2EF0016E094 /* RunSlimTestsTargetWithSlimPort */ = {isa = PBXFileReference; lastKnownFileType = text.script.sh; name = RunSlimTestsTargetWithSlimPort; path = ../bin/iOS/RunSlimTestsTargetWithSlimPort; sourceTree = "<group>"; };
		1429B97B1714C2EF0016E094 /* content.txt */ = {isa = PBXFileReference; lastKnownFileType = text; name = content.txt; path = ../example_tests/content.txt; sourceTree = "<group>"; };
		1429B97C1714C2EF0016E094 /* properties.xml */ = {isa = PBXFileReference; lastKnownFileType = text.xml; name = properties.xml; path = ../example_tests/properties.xml; sourceTree = "<group>"; };
		1429B9801714C3380016E094 /* MyTest.h */ = {isa = PBXFileReference; fileEncoding = 4; lastKnownFileType = sourcecode.c.h; path = MyTest.h; sourceTree = "<group>"; };
		1429B9811714C3380016E094 /* MyTest.m */ = {isa = PBXFileReference; fileEncoding = 4; lastKnownFileType = sourcecode.c.objc; path = MyTest.m; sourceTree = "<group>"; };
		14FD18C9171318B8006DD78B /* fTTT.app */ = {isa = PBXFileReference; explicitFileType = wrapper.application; includeInIndex = 0; path = fTTT.app; sourceTree = BUILT_PRODUCTS_DIR; };
		14FD18CC171318B8006DD78B /* UIKit.framework */ = {isa = PBXFileReference; lastKnownFileType = wrapper.framework; name = UIKit.framework; path = System/Library/Frameworks/UIKit.framework; sourceTree = SDKROOT; };
		14FD18CE171318B8006DD78B /* Foundation.framework */ = {isa = PBXFileReference; lastKnownFileType = wrapper.framework; name = Foundation.framework; path = System/Library/Frameworks/Foundation.framework; sourceTree = SDKROOT; };
		14FD18D0171318B8006DD78B /* CoreGraphics.framework */ = {isa = PBXFileReference; lastKnownFileType = wrapper.framework; name = CoreGraphics.framework; path = System/Library/Frameworks/CoreGraphics.framework; sourceTree = SDKROOT; };
		14FD18D4171318B8006DD78B /* fTTT-Info.plist */ = {isa = PBXFileReference; lastKnownFileType = text.plist.xml; path = "fTTT-Info.plist"; sourceTree = "<group>"; };
		14FD18D6171318B8006DD78B /* en */ = {isa = PBXFileReference; lastKnownFileType = text.plist.strings; name = en; path = en.lproj/InfoPlist.strings; sourceTree = "<group>"; };
		14FD18D8171318B8006DD78B /* main.m */ = {isa = PBXFileReference; lastKnownFileType = sourcecode.c.objc; path = main.m; sourceTree = "<group>"; };
		14FD18DA171318B8006DD78B /* fTTT-Prefix.pch */ = {isa = PBXFileReference; lastKnownFileType = sourcecode.c.h; path = "fTTT-Prefix.pch"; sourceTree = "<group>"; };
		14FD18DB171318B8006DD78B /* FranklinAppDelegate.h */ = {isa = PBXFileReference; lastKnownFileType = sourcecode.c.h; path = FranklinAppDelegate.h; sourceTree = "<group>"; };
		14FD18DC171318B8006DD78B /* FranklinAppDelegate.m */ = {isa = PBXFileReference; lastKnownFileType = sourcecode.c.objc; path = FranklinAppDelegate.m; sourceTree = "<group>"; };
		14FD18DE171318B8006DD78B /* Default.png */ = {isa = PBXFileReference; lastKnownFileType = image.png; path = Default.png; sourceTree = "<group>"; };
		14FD18E0171318B8006DD78B /* Default@2x.png */ = {isa = PBXFileReference; lastKnownFileType = image.png; path = "Default@2x.png"; sourceTree = "<group>"; };
		14FD18E2171318B8006DD78B /* Default-568h@2x.png */ = {isa = PBXFileReference; lastKnownFileType = image.png; path = "Default-568h@2x.png"; sourceTree = "<group>"; };
		14FD18FD171319CC006DD78B /* fTTTSpec.app */ = {isa = PBXFileReference; explicitFileType = wrapper.application; includeInIndex = 0; path = fTTTSpec.app; sourceTree = BUILT_PRODUCTS_DIR; };
		14FD1903171319CC006DD78B /* fTTTSpec-Info.plist */ = {isa = PBXFileReference; lastKnownFileType = text.plist.xml; path = "fTTTSpec-Info.plist"; sourceTree = "<group>"; };
		14FD1905171319CC006DD78B /* en */ = {isa = PBXFileReference; lastKnownFileType = text.plist.strings; name = en; path = en.lproj/InfoPlist.strings; sourceTree = "<group>"; };
		14FD1907171319CC006DD78B /* main.m */ = {isa = PBXFileReference; lastKnownFileType = sourcecode.c.objc; path = main.m; sourceTree = "<group>"; };
		14FD1909171319CC006DD78B /* fTTTSpec-Prefix.pch */ = {isa = PBXFileReference; lastKnownFileType = sourcecode.c.h; path = "fTTTSpec-Prefix.pch"; sourceTree = "<group>"; };
		14FD190E17131A4F006DD78B /* InitialSpec.m */ = {isa = PBXFileReference; fileEncoding = 4; lastKnownFileType = sourcecode.c.objc; path = InitialSpec.m; sourceTree = "<group>"; };
		14FD191017131A93006DD78B /* Default-568h@2x.png */ = {isa = PBXFileReference; lastKnownFileType = image.png; path = "Default-568h@2x.png"; sourceTree = "<group>"; };
		14FD191217131B39006DD78B /* OCDSpec2.xcodeproj */ = {isa = PBXFileReference; lastKnownFileType = "wrapper.pb-project"; name = OCDSpec2.xcodeproj; path = ../OCDSpec2/OCDSpec2.xcodeproj; sourceTree = "<group>"; };
/* End PBXFileReference section */

/* Begin PBXFrameworksBuildPhase section */
		1429B91D1714C2EF0016E094 /* Frameworks */ = {
			isa = PBXFrameworksBuildPhase;
			buildActionMask = 2147483647;
			files = (
				1429B9221714C2EF0016E094 /* UIKit.framework in Frameworks */,
				1429B9231714C2EF0016E094 /* Foundation.framework in Frameworks */,
			);
			runOnlyForDeploymentPostprocessing = 0;
		};
		14FD18C6171318B8006DD78B /* Frameworks */ = {
			isa = PBXFrameworksBuildPhase;
			buildActionMask = 2147483647;
			files = (
				14FD18CD171318B8006DD78B /* UIKit.framework in Frameworks */,
				14FD18CF171318B8006DD78B /* Foundation.framework in Frameworks */,
				14FD18D1171318B8006DD78B /* CoreGraphics.framework in Frameworks */,
			);
			runOnlyForDeploymentPostprocessing = 0;
		};
		14FD18F9171319CC006DD78B /* Frameworks */ = {
			isa = PBXFrameworksBuildPhase;
			buildActionMask = 2147483647;
			files = (
				14FD18FE171319CC006DD78B /* UIKit.framework in Frameworks */,
				14FD18FF171319CC006DD78B /* Foundation.framework in Frameworks */,
				14FD1900171319CC006DD78B /* CoreGraphics.framework in Frameworks */,
				146448C817131CAF00BBC728 /* libOCDSpec2.a in Frameworks */,
			);
			runOnlyForDeploymentPostprocessing = 0;
		};
/* End PBXFrameworksBuildPhase section */

/* Begin PBXGroup section */
		1429B9241714C2EF0016E094 /* AcceptanceTests */ = {
			isa = PBXGroup;
			children = (
				1429B97B1714C2EF0016E094 /* content.txt */,
				1429B97C1714C2EF0016E094 /* properties.xml */,
				1429B9251714C2EF0016E094 /* cslim */,
				1429B9801714C3380016E094 /* MyTest.h */,
				1429B9811714C3380016E094 /* MyTest.m */,
			);
			path = AcceptanceTests;
			sourceTree = "<group>";
		};
		1429B9251714C2EF0016E094 /* cslim */ = {
			isa = PBXGroup;
			children = (
				1429B9261714C2EF0016E094 /* src */,
				1429B9501714C2EF0016E094 /* include */,
				1429B96A1714C2EF0016E094 /* SupportingFiles */,
				1429B9731714C2EF0016E094 /* bin */,
			);
			name = cslim;
			sourceTree = "<group>";
		};
		1429B9261714C2EF0016E094 /* src */ = {
			isa = PBXGroup;
			children = (
				1429B9271714C2EF0016E094 /* Com */,
				1429B92C1714C2EF0016E094 /* CSlim */,
				1429B93B1714C2EF0016E094 /* ExecutorObjectiveC */,
			);
			name = src;
			sourceTree = "<group>";
		};
		1429B9271714C2EF0016E094 /* Com */ = {
			isa = PBXGroup;
			children = (
				1429B9281714C2EF0016E094 /* SocketServer.c */,
				1429B92A1714C2EF0016E094 /* TcpComLink.c */,
			);
			name = Com;
			sourceTree = "<group>";
		};
		1429B92C1714C2EF0016E094 /* CSlim */ = {
			isa = PBXGroup;
			children = (
				1429B92D1714C2EF0016E094 /* ListExecutor.c */,
				1429B92F1714C2EF0016E094 /* Slim.c */,
				1429B9311714C2EF0016E094 /* SlimConnectionHandler.c */,
				1429B9331714C2EF0016E094 /* SlimList.c */,
				1429B9351714C2EF0016E094 /* SlimListDeserializer.c */,
				1429B9371714C2EF0016E094 /* SlimListSerializer.c */,
				1429B9391714C2EF0016E094 /* SlimUtil.c */,
			);
			name = CSlim;
			sourceTree = "<group>";
		};
		1429B93B1714C2EF0016E094 /* ExecutorObjectiveC */ = {
			isa = PBXGroup;
			children = (
				1429B93C1714C2EF0016E094 /* OCSException.m */,
				1429B93E1714C2EF0016E094 /* OCSInstanceCreator.m */,
				1429B9401714C2EF0016E094 /* OCSInvocation.m */,
				1429B9421714C2EF0016E094 /* OCSMethodCaller.m */,
				1429B9441714C2EF0016E094 /* OCSObjectiveCtoCBridge.m */,
				1429B9461714C2EF0016E094 /* OCSReturnValue.m */,
				1429B9481714C2EF0016E094 /* OCSSelector.m */,
				1429B94A1714C2EF0016E094 /* OCSStatementExecutor.m */,
				1429B94C1714C2EF0016E094 /* OCSSymbolDictionary.m */,
				1429B94E1714C2EF0016E094 /* StatementExecutor.m */,
			);
			name = ExecutorObjectiveC;
			sourceTree = "<group>";
		};
		1429B9501714C2EF0016E094 /* include */ = {
			isa = PBXGroup;
			children = (
				1429B9511714C2EF0016E094 /* Com */,
				1429B9541714C2EF0016E094 /* CSlim */,
				1429B95E1714C2EF0016E094 /* ExecutorC */,
				1429B9601714C2EF0016E094 /* ExecutorObjectiveC */,
			);
			name = include;
			sourceTree = "<group>";
		};
		1429B9511714C2EF0016E094 /* Com */ = {
			isa = PBXGroup;
			children = (
				1429B9521714C2EF0016E094 /* SocketServer.h */,
				1429B9531714C2EF0016E094 /* TcpComLink.h */,
			);
			name = Com;
			sourceTree = "<group>";
		};
		1429B9541714C2EF0016E094 /* CSlim */ = {
			isa = PBXGroup;
			children = (
				1429B9551714C2EF0016E094 /* Fixtures.h */,
				1429B9561714C2EF0016E094 /* ListExecutor.h */,
				1429B9571714C2EF0016E094 /* Slim.h */,
				1429B9581714C2EF0016E094 /* SlimConnectionHandler.h */,
				1429B9591714C2EF0016E094 /* SlimList.h */,
				1429B95A1714C2EF0016E094 /* SlimListDeserializer.h */,
				1429B95B1714C2EF0016E094 /* SlimListSerializer.h */,
				1429B95C1714C2EF0016E094 /* SlimUtil.h */,
				1429B95D1714C2EF0016E094 /* StatementExecutor.h */,
			);
			name = CSlim;
			sourceTree = "<group>";
		};
		1429B95E1714C2EF0016E094 /* ExecutorC */ = {
			isa = PBXGroup;
			children = (
				1429B95F1714C2EF0016E094 /* SymbolTable.h */,
			);
			name = ExecutorC;
			sourceTree = "<group>";
		};
		1429B9601714C2EF0016E094 /* ExecutorObjectiveC */ = {
			isa = PBXGroup;
			children = (
				1429B9611714C2EF0016E094 /* OCSException.h */,
				1429B9621714C2EF0016E094 /* OCSInstanceCreator.h */,
				1429B9631714C2EF0016E094 /* OCSInvocation.h */,
				1429B9641714C2EF0016E094 /* OCSMethodCaller.h */,
				1429B9651714C2EF0016E094 /* OCSObjectiveCtoCBridge.h */,
				1429B9661714C2EF0016E094 /* OCSReturnValue.h */,
				1429B9671714C2EF0016E094 /* OCSSelector.h */,
				1429B9681714C2EF0016E094 /* OCSStatementExecutor.h */,
				1429B9691714C2EF0016E094 /* OCSSymbolDictionary.h */,
			);
			name = ExecutorObjectiveC;
			sourceTree = "<group>";
		};
		1429B96A1714C2EF0016E094 /* SupportingFiles */ = {
			isa = PBXGroup;
			children = (
				1429B96B1714C2EF0016E094 /* Fixtures.m */,
				1429B96D1714C2EF0016E094 /* InfoPlist.strings */,
				1429B96F1714C2EF0016E094 /* iPhone-Prefix.pch */,
				1429B9711714C2EF0016E094 /* Main.c */,
			);
			name = SupportingFiles;
			sourceTree = "<group>";
		};
		1429B9731714C2EF0016E094 /* bin */ = {
			isa = PBXGroup;
			children = (
				1429B9741714C2EF0016E094 /* OneTimeSetup */,
				1429B9751714C2EF0016E094 /* StartFitnesse */,
				1429B9761714C2EF0016E094 /* iOS */,
			);
			name = bin;
			sourceTree = "<group>";
		};
		1429B9761714C2EF0016E094 /* iOS */ = {
			isa = PBXGroup;
			children = (
				1429B9771714C2EF0016E094 /* RunSlimTests */,
				1429B9781714C2EF0016E094 /* RunSlimTestsHeadless */,
				1429B9791714C2EF0016E094 /* RunSlimTestsOnSimulator */,
				1429B97A1714C2EF0016E094 /* RunSlimTestsTargetWithSlimPort */,
			);
			name = iOS;
			sourceTree = "<group>";
		};
		14FD18C0171318B8006DD78B = {
			isa = PBXGroup;
			children = (
				14FD191017131A93006DD78B /* Default-568h@2x.png */,
				14FD18D2171318B8006DD78B /* fTTT */,
				14FD1901171319CC006DD78B /* fTTTSpec */,
				1429B9241714C2EF0016E094 /* AcceptanceTests */,
				14FD18CB171318B8006DD78B /* Frameworks */,
				14FD18CA171318B8006DD78B /* Products */,
				14FD191217131B39006DD78B /* OCDSpec2.xcodeproj */,
			);
			sourceTree = "<group>";
		};
		14FD18CA171318B8006DD78B /* Products */ = {
			isa = PBXGroup;
			children = (
				14FD18C9171318B8006DD78B /* fTTT.app */,
				14FD18FD171319CC006DD78B /* fTTTSpec.app */,
				1429B9211714C2EF0016E094 /* AcceptanceTests.app */,
			);
			name = Products;
			sourceTree = "<group>";
		};
		14FD18CB171318B8006DD78B /* Frameworks */ = {
			isa = PBXGroup;
			children = (
				14FD18CC171318B8006DD78B /* UIKit.framework */,
				14FD18CE171318B8006DD78B /* Foundation.framework */,
				14FD18D0171318B8006DD78B /* CoreGraphics.framework */,
			);
			name = Frameworks;
			sourceTree = "<group>";
		};
		14FD18D2171318B8006DD78B /* fTTT */ = {
			isa = PBXGroup;
			children = (
				14FD18DB171318B8006DD78B /* FranklinAppDelegate.h */,
				14FD18DC171318B8006DD78B /* FranklinAppDelegate.m */,
				14FD18D3171318B8006DD78B /* Supporting Files */,
			);
			path = fTTT;
			sourceTree = "<group>";
		};
		14FD18D3171318B8006DD78B /* Supporting Files */ = {
			isa = PBXGroup;
			children = (
				14FD18D4171318B8006DD78B /* fTTT-Info.plist */,
				14FD18D5171318B8006DD78B /* InfoPlist.strings */,
				14FD18D8171318B8006DD78B /* main.m */,
				14FD18DA171318B8006DD78B /* fTTT-Prefix.pch */,
				14FD18DE171318B8006DD78B /* Default.png */,
				14FD18E0171318B8006DD78B /* Default@2x.png */,
				14FD18E2171318B8006DD78B /* Default-568h@2x.png */,
			);
			name = "Supporting Files";
			sourceTree = "<group>";
		};
		14FD1901171319CC006DD78B /* fTTTSpec */ = {
			isa = PBXGroup;
			children = (
				14FD1902171319CC006DD78B /* Supporting Files */,
				14FD190E17131A4F006DD78B /* InitialSpec.m */,
			);
			path = fTTTSpec;
			sourceTree = "<group>";
		};
		14FD1902171319CC006DD78B /* Supporting Files */ = {
			isa = PBXGroup;
			children = (
				14FD1903171319CC006DD78B /* fTTTSpec-Info.plist */,
				14FD1904171319CC006DD78B /* InfoPlist.strings */,
				14FD1907171319CC006DD78B /* main.m */,
				14FD1909171319CC006DD78B /* fTTTSpec-Prefix.pch */,
			);
			name = "Supporting Files";
			sourceTree = "<group>";
		};
		14FD191317131B39006DD78B /* Products */ = {
			isa = PBXGroup;
			children = (
				14FD191A17131B3A006DD78B /* libOCDSpec2.a */,
				14FD191C17131B3A006DD78B /* libOCDSpec2Mac.a */,
				14FD191E17131B3A006DD78B /* OCDSpec2Tests.octest */,
				14FD192017131B3A006DD78B /* OCDSpec2AcceptanceTest.octest */,
			);
			name = Products;
			sourceTree = "<group>";
		};
/* End PBXGroup section */

/* Begin PBXNativeTarget section */
		1429B9201714C2EF0016E094 /* AcceptanceTests */ = {
			isa = PBXNativeTarget;
			buildConfigurationList = 1429B97D1714C2EF0016E094 /* Build configuration list for PBXNativeTarget "AcceptanceTests" */;
			buildPhases = (
				1429B91C1714C2EF0016E094 /* Sources */,
				1429B91D1714C2EF0016E094 /* Frameworks */,
				1429B91E1714C2EF0016E094 /* Resources */,
				1429B91F1714C2EF0016E094 /* ShellScript */,
			);
			buildRules = (
			);
			dependencies = (
			);
			name = AcceptanceTests;
			productName = AcceptanceTests;
			productReference = 1429B9211714C2EF0016E094 /* AcceptanceTests.app */;
			productType = "com.apple.product-type.application";
		};
		14FD18C8171318B8006DD78B /* fTTT */ = {
			isa = PBXNativeTarget;
			buildConfigurationList = 14FD18E6171318B8006DD78B /* Build configuration list for PBXNativeTarget "fTTT" */;
			buildPhases = (
				14FD18C5171318B8006DD78B /* Sources */,
				14FD18C6171318B8006DD78B /* Frameworks */,
				14FD18C7171318B8006DD78B /* Resources */,
			);
			buildRules = (
			);
			dependencies = (
			);
			name = fTTT;
			productName = fTTT;
			productReference = 14FD18C9171318B8006DD78B /* fTTT.app */;
			productType = "com.apple.product-type.application";
		};
		14FD18FC171319CC006DD78B /* fTTTSpec */ = {
			isa = PBXNativeTarget;
			buildConfigurationList = 14FD190A171319CD006DD78B /* Build configuration list for PBXNativeTarget "fTTTSpec" */;
			buildPhases = (
				14FD18F8171319CC006DD78B /* Sources */,
				14FD18F9171319CC006DD78B /* Frameworks */,
				14FD18FA171319CC006DD78B /* Resources */,
				14FD18FB171319CC006DD78B /* ShellScript */,
			);
			buildRules = (
			);
			dependencies = (
				145901F517146CE200E889B1 /* PBXTargetDependency */,
			);
			name = fTTTSpec;
			productName = fTTTSpec;
			productReference = 14FD18FD171319CC006DD78B /* fTTTSpec.app */;
			productType = "com.apple.product-type.application";
		};
/* End PBXNativeTarget section */

/* Begin PBXProject section */
		14FD18C1171318B8006DD78B /* Project object */ = {
			isa = PBXProject;
			attributes = {
				CLASSPREFIX = Franklin;
				LastUpgradeCheck = 0460;
				ORGANIZATIONNAME = "Nathan Walker";
			};
			buildConfigurationList = 14FD18C4171318B8006DD78B /* Build configuration list for PBXProject "fTTT" */;
			compatibilityVersion = "Xcode 3.2";
			developmentRegion = English;
			hasScannedForEncodings = 0;
			knownRegions = (
				en,
			);
			mainGroup = 14FD18C0171318B8006DD78B;
			productRefGroup = 14FD18CA171318B8006DD78B /* Products */;
			projectDirPath = "";
			projectReferences = (
				{
					ProductGroup = 14FD191317131B39006DD78B /* Products */;
					ProjectRef = 14FD191217131B39006DD78B /* OCDSpec2.xcodeproj */;
				},
			);
			projectRoot = "";
			targets = (
				14FD18C8171318B8006DD78B /* fTTT */,
				14FD18FC171319CC006DD78B /* fTTTSpec */,
				1429B9201714C2EF0016E094 /* AcceptanceTests */,
			);
		};
/* End PBXProject section */

/* Begin PBXReferenceProxy section */
		14FD191A17131B3A006DD78B /* libOCDSpec2.a */ = {
			isa = PBXReferenceProxy;
			fileType = archive.ar;
			path = libOCDSpec2.a;
			remoteRef = 14FD191917131B3A006DD78B /* PBXContainerItemProxy */;
			sourceTree = BUILT_PRODUCTS_DIR;
		};
		14FD191C17131B3A006DD78B /* libOCDSpec2Mac.a */ = {
			isa = PBXReferenceProxy;
			fileType = archive.ar;
			path = libOCDSpec2Mac.a;
			remoteRef = 14FD191B17131B3A006DD78B /* PBXContainerItemProxy */;
			sourceTree = BUILT_PRODUCTS_DIR;
		};
		14FD191E17131B3A006DD78B /* OCDSpec2Tests.octest */ = {
			isa = PBXReferenceProxy;
			fileType = wrapper.cfbundle;
			path = OCDSpec2Tests.octest;
			remoteRef = 14FD191D17131B3A006DD78B /* PBXContainerItemProxy */;
			sourceTree = BUILT_PRODUCTS_DIR;
		};
		14FD192017131B3A006DD78B /* OCDSpec2AcceptanceTest.octest */ = {
			isa = PBXReferenceProxy;
			fileType = wrapper.cfbundle;
			path = OCDSpec2AcceptanceTest.octest;
			remoteRef = 14FD191F17131B3A006DD78B /* PBXContainerItemProxy */;
			sourceTree = BUILT_PRODUCTS_DIR;
		};
/* End PBXReferenceProxy section */

/* Begin PBXResourcesBuildPhase section */
		1429B91E1714C2EF0016E094 /* Resources */ = {
			isa = PBXResourcesBuildPhase;
			buildActionMask = 2147483647;
			files = (
				1429B96E1714C2EF0016E094 /* InfoPlist.strings in Resources */,
				1429B9701714C2EF0016E094 /* iPhone-Prefix.pch in Resources */,
			);
			runOnlyForDeploymentPostprocessing = 0;
		};
		14FD18C7171318B8006DD78B /* Resources */ = {
			isa = PBXResourcesBuildPhase;
			buildActionMask = 2147483647;
			files = (
				14FD18D7171318B8006DD78B /* InfoPlist.strings in Resources */,
				14FD18DF171318B8006DD78B /* Default.png in Resources */,
				14FD18E1171318B8006DD78B /* Default@2x.png in Resources */,
				14FD18E3171318B8006DD78B /* Default-568h@2x.png in Resources */,
			);
			runOnlyForDeploymentPostprocessing = 0;
		};
		14FD18FA171319CC006DD78B /* Resources */ = {
			isa = PBXResourcesBuildPhase;
			buildActionMask = 2147483647;
			files = (
				14FD1906171319CC006DD78B /* InfoPlist.strings in Resources */,
				14FD191117131A93006DD78B /* Default-568h@2x.png in Resources */,
			);
			runOnlyForDeploymentPostprocessing = 0;
		};
/* End PBXResourcesBuildPhase section */

/* Begin PBXShellScriptBuildPhase section */
		1429B91F1714C2EF0016E094 /* ShellScript */ = {
			isa = PBXShellScriptBuildPhase;
			buildActionMask = 2147483647;
			files = (
			);
			inputPaths = (
			);
			outputPaths = (
			);
			runOnlyForDeploymentPostprocessing = 0;
			shellPath = /bin/sh;
			shellScript = ./bin/iOS/RunSlimTests;
		};
		14FD18FB171319CC006DD78B /* ShellScript */ = {
			isa = PBXShellScriptBuildPhase;
			buildActionMask = 2147483647;
			files = (
			);
			inputPaths = (
			);
			outputPaths = (
			);
			runOnlyForDeploymentPostprocessing = 0;
			shellPath = /bin/sh;
			shellScript = "#!/bin/bash\n#  RunIPhoneUnitTest.sh\n#  Copyright 2008 Google Inc.\n#\n#  Licensed under the Apache License, Version 2.0 (the \"License\"); you may not\n#  use this file except in compliance with the License.  You may obtain a copy\n#  of the License at\n#\n#  http://www.apache.org/licenses/LICENSE-2.0\n#\n#  Unless required by applicable law or agreed to in writing, software\n#  distributed under the License is distributed on an \"AS IS\" BASIS, WITHOUT\n#  WARRANTIES OR CONDITIONS OF ANY KIND, either express or implied.  See the\n#  License for the specific language governing permissions and limitations under\n#  the License.\n#\n#  Runs all unittests through the iPhone simulator. We don't handle running them\n#  on the device. To run on the device just choose \"run\".\n\nset -o errexit\nset -o nounset\nset -o verbose\n\n#  Controlling environment variables:\n# GTM_DISABLE_ZOMBIES -\n#   Set to a non-zero value to turn on zombie checks. You will probably\n#   want to turn this off if you enable leaks.\nGTM_DISABLE_ZOMBIES=${GTM_DISABLE_ZOMBIES:=1}\n\n# GTM_ENABLE_LEAKS -\n#   Set to a non-zero value to turn on the leaks check. You will probably want\n#   to disable zombies, otherwise you will get a lot of false positives.\n\n# GTM_DISABLE_TERMINATION\n#   Set to a non-zero value so that the app doesn't terminate when it's finished\n#   running tests. This is useful when using it with external tools such\n#   as Instruments.\n\n# GTM_LEAKS_SYMBOLS_TO_IGNORE\n#   List of comma separated symbols that leaks should ignore. Mainly to control\n#   leaks in frameworks you don't have control over.\n#   Search this file for GTM_LEAKS_SYMBOLS_TO_IGNORE to see examples.\n#   Please feel free to add other symbols as you find them but make sure to\n#   reference Radars or other bug systems so we can track them.\n\n# GTM_REMOVE_GCOV_DATA\n#   Before starting the test, remove any *.gcda files for the current run so\n#   you won't get failures when the source file has changed and the data can't\n#   be merged.\n#\nGTM_REMOVE_GCOV_DATA=${GTM_REMOVE_GCOV_DATA:=0}\n\n# GTM_DISABLE_USERDIR_SETUP\n#   Controls whether or not CFFIXED_USER_HOME is erased and set up from scratch\n#   for you each time the script is run. In some cases you may have a wrapper\n#   script calling this one that takes care of that for us so you can set up\n#   a certain user configuration.\nGTM_DISABLE_USERDIR_SETUP=${GTM_DISABLE_USERDIR_SETUP:=0}\n\n# GTM_DISABLE_IPHONE_LAUNCH_DAEMONS\n#   Controls whether or not we launch up the iPhone Launch Daemons before\n#   we start testing. You need Launch Daemons to test anything that interacts\n#   with security.\nGTM_DISABLE_IPHONE_LAUNCH_DAEMONS=1 #${GTM_DISABLE_IPHONE_LAUNCH_DAEMONS:=0}\n\nScriptDir=$(dirname \"$(echo $0 | sed -e \"s,^\\([^/]\\),$(pwd)/\\1,\")\")\nScriptName=$(basename \"$0\")\nThisScript=\"${ScriptDir}/${ScriptName}\"\n\nGTMXcodeNote() {\n    echo ${ThisScript}:${1}: note: GTM ${2}\n}\n\nif [ \"$PLATFORM_NAME\" == \"iphonesimulator\" ]; then\n  # We kill the iPhone simulator because otherwise we run into issues where\n  # the unittests fail becuase the simulator is currently running, and\n  # at this time the iPhone SDK won't allow two simulators running at the same\n  # time.\n  set +e\n  /usr/bin/killall \"iPhone Simulator\"\n  set -e\n\n  if [ $GTM_REMOVE_GCOV_DATA -ne 0 ]; then\n    if [ \"${OBJECT_FILE_DIR}-${CURRENT_VARIANT}\" != \"-\" ]; then\n      if [ -d \"${OBJECT_FILE_DIR}-${CURRENT_VARIANT}\" ]; then\n        GTMXcodeNote ${LINENO} \"Removing any .gcda files\"\n        (cd \"${OBJECT_FILE_DIR}-${CURRENT_VARIANT}\" && \\\n            find . -type f -name \"*.gcda\" -print0 | xargs -0 rm -f )\n      fi\n    fi\n  fi\n\n  export DYLD_ROOT_PATH=\"$SDKROOT\"\n  export DYLD_FRAMEWORK_PATH=\"$CONFIGURATION_BUILD_DIR\"\n  export IPHONE_SIMULATOR_ROOT=\"$SDKROOT\"\n  export CFFIXED_USER_HOME=\"$TEMP_FILES_DIR/iPhone Simulator User Dir\"\n\n  # See http://developer.apple.com/technotes/tn2004/tn2124.html for an\n  # explanation of these environment variables.\n\n  #export MallocScribble=YES\n  export MallocPreScribble=YES\n  #export MallocGuardEdges=YES\n  #export MallocStackLogging=YES\n  export NSAutoreleaseFreedObjectCheckEnabled=YES\n\n  # Turn on the mostly undocumented OBJC_DEBUG stuff.\n  export OBJC_DEBUG_FRAGILE_SUPERCLASSES=YES\n  export OBJC_DEBUG_UNLOAD=YES\n  # Turned off due to the amount of false positives from NS classes.\n  # export OBJC_DEBUG_FINALIZERS=YES\n  export OBJC_DEBUG_NIL_SYNC=YES\n  export OBJC_PRINT_REPLACED_METHODS=NO\n\n  if [ $GTM_DISABLE_ZOMBIES -eq 0 ]; then\n    GTMXcodeNote ${LINENO} \"Enabling zombies\"\n    export CFZombieLevel=3\n    export NSZombieEnabled=YES\n  fi\n\n  if [ $GTM_DISABLE_USERDIR_SETUP -eq 0 ]; then\n    # Cleanup user home directory\n    if [ -d \"$CFFIXED_USER_HOME\" ]; then\n      rm -rf \"$CFFIXED_USER_HOME\"\n    fi\n    mkdir \"$CFFIXED_USER_HOME\"\n    mkdir \"$CFFIXED_USER_HOME/Documents\"\n    mkdir -p \"$CFFIXED_USER_HOME/Library/Caches\"\n  fi\n\n  # 6251475 iPhone simulator leaks @ CFHTTPCookieStore shutdown if\n  #         CFFIXED_USER_HOME empty\n  GTM_LEAKS_SYMBOLS_TO_IGNORE=\"CFHTTPCookieStore\"\n\n  if [ $GTM_DISABLE_IPHONE_LAUNCH_DAEMONS -eq 0 ]; then\n    # If we want to test anything that interacts with the keychain, we need\n    # securityd up and running. See RunIPhoneLaunchDaemons.sh for details.\n    launchctl submit -l RunIPhoneLaunchDaemons -- \"${ScriptDir}/RunIPhoneLaunchDaemons.sh\" $IPHONE_SIMULATOR_ROOT $CFFIXED_USER_HOME\n    # No matter how we exit, we want to shut down our launchctl job.\n    trap \"launchctl remove RunIPhoneLaunchDaemons\" INT TERM EXIT\n  fi\n\n  # Start our app.\n  \"$TARGET_BUILD_DIR/$EXECUTABLE_PATH\" -RegisterForSystemEvents\n\nelse\n  GTMXcodeNote ${LINENO} \"Skipping running of unittests for device build.\"\nfi\nexit 0";
		};
/* End PBXShellScriptBuildPhase section */

/* Begin PBXSourcesBuildPhase section */
		1429B91C1714C2EF0016E094 /* Sources */ = {
			isa = PBXSourcesBuildPhase;
			buildActionMask = 2147483647;
			files = (
				1429B9291714C2EF0016E094 /* SocketServer.c in Sources */,
				1429B92B1714C2EF0016E094 /* TcpComLink.c in Sources */,
				1429B92E1714C2EF0016E094 /* ListExecutor.c in Sources */,
				1429B9301714C2EF0016E094 /* Slim.c in Sources */,
				1429B9321714C2EF0016E094 /* SlimConnectionHandler.c in Sources */,
				1429B9341714C2EF0016E094 /* SlimList.c in Sources */,
				1429B9361714C2EF0016E094 /* SlimListDeserializer.c in Sources */,
				1429B9381714C2EF0016E094 /* SlimListSerializer.c in Sources */,
				1429B93A1714C2EF0016E094 /* SlimUtil.c in Sources */,
				1429B93D1714C2EF0016E094 /* OCSException.m in Sources */,
				1429B93F1714C2EF0016E094 /* OCSInstanceCreator.m in Sources */,
				1429B9411714C2EF0016E094 /* OCSInvocation.m in Sources */,
				1429B9431714C2EF0016E094 /* OCSMethodCaller.m in Sources */,
				1429B9451714C2EF0016E094 /* OCSObjectiveCtoCBridge.m in Sources */,
				1429B9471714C2EF0016E094 /* OCSReturnValue.m in Sources */,
				1429B9491714C2EF0016E094 /* OCSSelector.m in Sources */,
				1429B94B1714C2EF0016E094 /* OCSStatementExecutor.m in Sources */,
				1429B94D1714C2EF0016E094 /* OCSSymbolDictionary.m in Sources */,
				1429B94F1714C2EF0016E094 /* StatementExecutor.m in Sources */,
				1429B96C1714C2EF0016E094 /* Fixtures.m in Sources */,
				1429B9721714C2EF0016E094 /* Main.c in Sources */,
				1429B9821714C3380016E094 /* MyTest.m in Sources */,
			);
			runOnlyForDeploymentPostprocessing = 0;
		};
		14FD18C5171318B8006DD78B /* Sources */ = {
			isa = PBXSourcesBuildPhase;
			buildActionMask = 2147483647;
			files = (
				14FD18D9171318B8006DD78B /* main.m in Sources */,
				14FD18DD171318B8006DD78B /* FranklinAppDelegate.m in Sources */,
			);
			runOnlyForDeploymentPostprocessing = 0;
		};
		14FD18F8171319CC006DD78B /* Sources */ = {
			isa = PBXSourcesBuildPhase;
			buildActionMask = 2147483647;
			files = (
				14FD1908171319CC006DD78B /* main.m in Sources */,
				14FD190F17131A4F006DD78B /* InitialSpec.m in Sources */,
			);
			runOnlyForDeploymentPostprocessing = 0;
		};
/* End PBXSourcesBuildPhase section */

/* Begin PBXTargetDependency section */
		145901F517146CE200E889B1 /* PBXTargetDependency */ = {
			isa = PBXTargetDependency;
			name = OCDSpec2;
			targetProxy = 145901F417146CE200E889B1 /* PBXContainerItemProxy */;
		};
/* End PBXTargetDependency section */

/* Begin PBXVariantGroup section */
		14FD18D5171318B8006DD78B /* InfoPlist.strings */ = {
			isa = PBXVariantGroup;
			children = (
				14FD18D6171318B8006DD78B /* en */,
			);
			name = InfoPlist.strings;
			sourceTree = "<group>";
		};
		14FD1904171319CC006DD78B /* InfoPlist.strings */ = {
			isa = PBXVariantGroup;
			children = (
				14FD1905171319CC006DD78B /* en */,
			);
			name = InfoPlist.strings;
			sourceTree = "<group>";
		};
/* End PBXVariantGroup section */

/* Begin XCBuildConfiguration section */
		1429B97E1714C2EF0016E094 /* Debug */ = {
			isa = XCBuildConfiguration;
			buildSettings = {
				ALWAYS_SEARCH_USER_PATHS = NO;
				ARCHS = "$(ARCHS_STANDARD_32_BIT)";
				"CODE_SIGN_IDENTITY[sdk=iphoneos*]" = "iPhone Developer";
				COPY_PHASE_STRIP = NO;
				GCC_DYNAMIC_NO_PIC = NO;
				GCC_PRECOMPILE_PREFIX_HEADER = YES;
				GCC_PREFIX_HEADER = "AcceptanceTests/SupportingFiles/iPhone-Prefix.pch";
				GCC_PREPROCESSOR_DEFINITIONS = DEBUG;
				GCC_VERSION = com.apple.compilers.llvm.clang.1_0;
				INFOPLIST_FILE = "";
				ONLY_ACTIVE_ARCH = NO;
				PRODUCT_NAME = "$(TARGET_NAME)";
				WRAPPER_EXTENSION = app;
			};
			name = Debug;
		};
		1429B97F1714C2EF0016E094 /* Release */ = {
			isa = XCBuildConfiguration;
			buildSettings = {
				ALWAYS_SEARCH_USER_PATHS = NO;
				ARCHS = "$(ARCHS_STANDARD_32_BIT)";
				"CODE_SIGN_IDENTITY[sdk=iphoneos*]" = "iPhone Developer";
				COPY_PHASE_STRIP = YES;
				GCC_PRECOMPILE_PREFIX_HEADER = YES;
				GCC_PREFIX_HEADER = "AcceptanceTests/SupportingFiles/iPhone-Prefix.pch";
				GCC_VERSION = com.apple.compilers.llvm.clang.1_0;
				INFOPLIST_FILE = "";
				PRODUCT_NAME = "$(TARGET_NAME)";
				VALIDATE_PRODUCT = YES;
				WRAPPER_EXTENSION = app;
			};
			name = Release;
		};
		14FD18E4171318B8006DD78B /* Debug */ = {
			isa = XCBuildConfiguration;
			buildSettings = {
				ALWAYS_SEARCH_USER_PATHS = NO;
				CLANG_CXX_LANGUAGE_STANDARD = "gnu++0x";
				CLANG_CXX_LIBRARY = "libc++";
				CLANG_ENABLE_OBJC_ARC = YES;
				CLANG_WARN_CONSTANT_CONVERSION = YES;
				CLANG_WARN_EMPTY_BODY = YES;
				CLANG_WARN_ENUM_CONVERSION = YES;
				CLANG_WARN_INT_CONVERSION = YES;
				CLANG_WARN__DUPLICATE_METHOD_MATCH = YES;
				CODE_SIGN_IDENTITY = "";
				"CODE_SIGN_IDENTITY[sdk=iphoneos*]" = "";
				COPY_PHASE_STRIP = NO;
				GCC_C_LANGUAGE_STANDARD = gnu99;
				GCC_DYNAMIC_NO_PIC = NO;
				GCC_OPTIMIZATION_LEVEL = 0;
				GCC_PREPROCESSOR_DEFINITIONS = (
					"DEBUG=1",
					"$(inherited)",
				);
				GCC_SYMBOLS_PRIVATE_EXTERN = NO;
				GCC_WARN_ABOUT_RETURN_TYPE = YES;
				GCC_WARN_UNINITIALIZED_AUTOS = YES;
				GCC_WARN_UNUSED_VARIABLE = YES;
				IPHONEOS_DEPLOYMENT_TARGET = 6.1;
				ONLY_ACTIVE_ARCH = YES;
				SDKROOT = iphoneos;
				TARGETED_DEVICE_FAMILY = "1,2";
			};
			name = Debug;
		};
		14FD18E5171318B8006DD78B /* Release */ = {
			isa = XCBuildConfiguration;
			buildSettings = {
				ALWAYS_SEARCH_USER_PATHS = NO;
				CLANG_CXX_LANGUAGE_STANDARD = "gnu++0x";
				CLANG_CXX_LIBRARY = "libc++";
				CLANG_ENABLE_OBJC_ARC = YES;
				CLANG_WARN_CONSTANT_CONVERSION = YES;
				CLANG_WARN_EMPTY_BODY = YES;
				CLANG_WARN_ENUM_CONVERSION = YES;
				CLANG_WARN_INT_CONVERSION = YES;
				CLANG_WARN__DUPLICATE_METHOD_MATCH = YES;
				CODE_SIGN_IDENTITY = "";
				"CODE_SIGN_IDENTITY[sdk=iphoneos*]" = "";
				COPY_PHASE_STRIP = YES;
				GCC_C_LANGUAGE_STANDARD = gnu99;
				GCC_WARN_ABOUT_RETURN_TYPE = YES;
				GCC_WARN_UNINITIALIZED_AUTOS = YES;
				GCC_WARN_UNUSED_VARIABLE = YES;
				IPHONEOS_DEPLOYMENT_TARGET = 6.1;
				OTHER_CFLAGS = "-DNS_BLOCK_ASSERTIONS=1";
				SDKROOT = iphoneos;
				TARGETED_DEVICE_FAMILY = "1,2";
				VALIDATE_PRODUCT = YES;
			};
			name = Release;
		};
		14FD18E7171318B8006DD78B /* Debug */ = {
			isa = XCBuildConfiguration;
			buildSettings = {
				GCC_PRECOMPILE_PREFIX_HEADER = YES;
				GCC_PREFIX_HEADER = "fTTT/fTTT-Prefix.pch";
				INFOPLIST_FILE = "fTTT/fTTT-Info.plist";
				PRODUCT_NAME = "$(TARGET_NAME)";
				WRAPPER_EXTENSION = app;
			};
			name = Debug;
		};
		14FD18E8171318B8006DD78B /* Release */ = {
			isa = XCBuildConfiguration;
			buildSettings = {
				GCC_PRECOMPILE_PREFIX_HEADER = YES;
				GCC_PREFIX_HEADER = "fTTT/fTTT-Prefix.pch";
				INFOPLIST_FILE = "fTTT/fTTT-Info.plist";
				PRODUCT_NAME = "$(TARGET_NAME)";
				WRAPPER_EXTENSION = app;
			};
			name = Release;
		};
		14FD190B171319CD006DD78B /* Debug */ = {
			isa = XCBuildConfiguration;
			buildSettings = {
				ADDITIONAL_SDKS = "";
				ALWAYS_SEARCH_USER_PATHS = NO;
				"CODE_SIGN_IDENTITY[sdk=iphoneos*]" = "iPhone Developer";
				GCC_PRECOMPILE_PREFIX_HEADER = YES;
				GCC_PREFIX_HEADER = "fTTTSpec/fTTTSpec-Prefix.pch";
				HEADER_SEARCH_PATHS = OCDSpec2;
				INFOPLIST_FILE = "";
				OTHER_LDFLAGS = "";
				PRODUCT_NAME = "$(TARGET_NAME)";
				USER_HEADER_SEARCH_PATHS = "";
				WRAPPER_EXTENSION = app;
			};
			name = Debug;
		};
		14FD190C171319CD006DD78B /* Release */ = {
			isa = XCBuildConfiguration;
			buildSettings = {
				ADDITIONAL_SDKS = "";
				ALWAYS_SEARCH_USER_PATHS = NO;
				"CODE_SIGN_IDENTITY[sdk=iphoneos*]" = "iPhone Developer";
				GCC_PRECOMPILE_PREFIX_HEADER = YES;
				GCC_PREFIX_HEADER = "fTTTSpec/fTTTSpec-Prefix.pch";
				HEADER_SEARCH_PATHS = OCDSpec2;
				INFOPLIST_FILE = "";
				OTHER_LDFLAGS = "";
				PRODUCT_NAME = "$(TARGET_NAME)";
				USER_HEADER_SEARCH_PATHS = "";
				WRAPPER_EXTENSION = app;
			};
			name = Release;
		};
/* End XCBuildConfiguration section */

/* Begin XCConfigurationList section */
		1429B97D1714C2EF0016E094 /* Build configuration list for PBXNativeTarget "AcceptanceTests" */ = {
			isa = XCConfigurationList;
			buildConfigurations = (
				1429B97E1714C2EF0016E094 /* Debug */,
				1429B97F1714C2EF0016E094 /* Release */,
			);
			defaultConfigurationIsVisible = 0;
			defaultConfigurationName = Release;
		};
		14FD18C4171318B8006DD78B /* Build configuration list for PBXProject "fTTT" */ = {
			isa = XCConfigurationList;
			buildConfigurations = (
				14FD18E4171318B8006DD78B /* Debug */,
				14FD18E5171318B8006DD78B /* Release */,
			);
			defaultConfigurationIsVisible = 0;
			defaultConfigurationName = Release;
		};
		14FD18E6171318B8006DD78B /* Build configuration list for PBXNativeTarget "fTTT" */ = {
			isa = XCConfigurationList;
			buildConfigurations = (
				14FD18E7171318B8006DD78B /* Debug */,
				14FD18E8171318B8006DD78B /* Release */,
			);
			defaultConfigurationIsVisible = 0;
			defaultConfigurationName = Release;
		};
		14FD190A171319CD006DD78B /* Build configuration list for PBXNativeTarget "fTTTSpec" */ = {
			isa = XCConfigurationList;
			buildConfigurations = (
				14FD190B171319CD006DD78B /* Debug */,
				14FD190C171319CD006DD78B /* Release */,
			);
			defaultConfigurationIsVisible = 0;
			defaultConfigurationName = Release;
		};
/* End XCConfigurationList section */
	};
	rootObject = 14FD18C1171318B8006DD78B /* Project object */;
}
